
Microsoft Visual Studio Solution File, Format Version 12.00
# Visual Studio Version 17
VisualStudioVersion = 17.11.35303.130
MinimumVisualStudioVersion = 10.0.40219.1
Project("{9A19103F-16F7-4668-BE54-9A1E7A4F7556}") = "Ticketz.Domain", "Ticketz.Domain\Ticketz.Domain.csproj", "{DB4C0CC9-9F75-4D9F-AB7A-E7A6EF4CDC6B}"
EndProject
Project("{9A19103F-16F7-4668-BE54-9A1E7A4F7556}") = "Ticketz.Application", "Ticketz.Application\Ticketz.Application.csproj", "{6D83BF0E-5FD9-4F4F-866F-187DAA8BDF82}"
EndProject
Project("{9A19103F-16F7-4668-BE54-9A1E7A4F7556}") = "Ticketz.Infrastructure", "Ticketz.Infrastructure\Ticketz.Infrastructure.csproj", "{5371CAEA-DCA0-4C0A-B2A9-AF5B7B972CFB}"
EndProject
Project("{9A19103F-16F7-4668-BE54-9A1E7A4F7556}") = "Ticketz.Persistence", "Ticketz.Persistence\Ticketz.Persistence.csproj", "{FC4DA026-E09B-4EC2-BB32-66789438C9DD}"
EndProject
Project("{9A19103F-16F7-4668-BE54-9A1E7A4F7556}") = "Ticketz.WebApi", "Ticketz.WebApi\Ticketz.WebApi.csproj", "{0D8D9DF1-E3E3-4D55-A56C-1FBD086AA772}"
EndProject
Project("{FAE04EC0-301F-11D3-BF4B-00C04F79EFBC}") = "Ticketz.Presentation", "Ticketz.Presentation\Ticketz.Presentation.csproj", "{12A547F4-D79A-4515-BB2F-D94C7197AC8E}"
EndProject
Global
	GlobalSection(SolutionConfigurationPlatforms) = preSolution
		Debug|Any CPU = Debug|Any CPU
		Release|Any CPU = Release|Any CPU
	EndGlobalSection
	GlobalSection(ProjectConfigurationPlatforms) = postSolution
		{DB4C0CC9-9F75-4D9F-AB7A-E7A6EF4CDC6B}.Debug|Any CPU.ActiveCfg = Debug|Any CPU
		{DB4C0CC9-9F75-4D9F-AB7A-E7A6EF4CDC6B}.Debug|Any CPU.Build.0 = Debug|Any CPU
		{DB4C0CC9-9F75-4D9F-AB7A-E7A6EF4CDC6B}.Release|Any CPU.ActiveCfg = Release|Any CPU
		{DB4C0CC9-9F75-4D9F-AB7A-E7A6EF4CDC6B}.Release|Any CPU.Build.0 = Release|Any CPU
		{6D83BF0E-5FD9-4F4F-866F-187DAA8BDF82}.Debug|Any CPU.ActiveCfg = Debug|Any CPU
		{6D83BF0E-5FD9-4F4F-866F-187DAA8BDF82}.Debug|Any CPU.Build.0 = Debug|Any CPU
		{6D83BF0E-5FD9-4F4F-866F-187DAA8BDF82}.Release|Any CPU.ActiveCfg = Release|Any CPU
		{6D83BF0E-5FD9-4F4F-866F-187DAA8BDF82}.Release|Any CPU.Build.0 = Release|Any CPU
		{5371CAEA-DCA0-4C0A-B2A9-AF5B7B972CFB}.Debug|Any CPU.ActiveCfg = Debug|Any CPU
		{5371CAEA-DCA0-4C0A-B2A9-AF5B7B972CFB}.Debug|Any CPU.Build.0 = Debug|Any CPU
		{5371CAEA-DCA0-4C0A-B2A9-AF5B7B972CFB}.Release|Any CPU.ActiveCfg = Release|Any CPU
		{5371CAEA-DCA0-4C0A-B2A9-AF5B7B972CFB}.Release|Any CPU.Build.0 = Release|Any CPU
		{FC4DA026-E09B-4EC2-BB32-66789438C9DD}.Debug|Any CPU.ActiveCfg = Debug|Any CPU
		{FC4DA026-E09B-4EC2-BB32-66789438C9DD}.Debug|Any CPU.Build.0 = Debug|Any CPU
		{FC4DA026-E09B-4EC2-BB32-66789438C9DD}.Release|Any CPU.ActiveCfg = Release|Any CPU
		{FC4DA026-E09B-4EC2-BB32-66789438C9DD}.Release|Any CPU.Build.0 = Release|Any CPU
		{0D8D9DF1-E3E3-4D55-A56C-1FBD086AA772}.Debug|Any CPU.ActiveCfg = Debug|Any CPU
		{0D8D9DF1-E3E3-4D55-A56C-1FBD086AA772}.Debug|Any CPU.Build.0 = Debug|Any CPU
		{0D8D9DF1-E3E3-4D55-A56C-1FBD086AA772}.Release|Any CPU.ActiveCfg = Release|Any CPU
		{0D8D9DF1-E3E3-4D55-A56C-1FBD086AA772}.Release|Any CPU.Build.0 = Release|Any CPU
		{12A547F4-D79A-4515-BB2F-D94C7197AC8E}.Debug|Any CPU.ActiveCfg = Debug|Any CPU
		{12A547F4-D79A-4515-BB2F-D94C7197AC8E}.Debug|Any CPU.Build.0 = Debug|Any CPU
		{12A547F4-D79A-4515-BB2F-D94C7197AC8E}.Release|Any CPU.ActiveCfg = Release|Any CPU
		{12A547F4-D79A-4515-BB2F-D94C7197AC8E}.Release|Any CPU.Build.0 = Release|Any CPU
	EndGlobalSection
	GlobalSection(SolutionProperties) = preSolution
		HideSolutionNode = FALSE
	EndGlobalSection
	GlobalSection(ExtensibilityGlobals) = postSolution
		SolutionGuid = {4A92A019-E538-432F-90F3-B75A05A7BFE1}
	EndGlobalSection
EndGlobal
